// !$*UTF8*$!
{
	archiveVersion = 1;
	classes = {
	};
	objectVersion = 55;
	objects = {

/* Begin PBXBuildFile section */
		876A3FF626FD36D1008780FC /* UIView+Extension.swift in Sources */ = {isa = PBXBuildFile; fileRef = 876A3FF526FD36D1008780FC /* UIView+Extension.swift */; };
		876A3FF926FD3B78008780FC /* WindowsView.swift in Sources */ = {isa = PBXBuildFile; fileRef = 876A3FF826FD3B78008780FC /* WindowsView.swift */; };
		876A3FFB26FD4DBB008780FC /* WindowsXButton.swift in Sources */ = {isa = PBXBuildFile; fileRef = 876A3FFA26FD4DBB008780FC /* WindowsXButton.swift */; };
		876A3FFD26FD4F81008780FC /* UIImage+Extension.swift in Sources */ = {isa = PBXBuildFile; fileRef = 876A3FFC26FD4F81008780FC /* UIImage+Extension.swift */; };
		876A3FFF26FD62C9008780FC /* WindowsViewModel.swift in Sources */ = {isa = PBXBuildFile; fileRef = 876A3FFE26FD62C9008780FC /* WindowsViewModel.swift */; };
		876A4008270114C9008780FC /* WindowsTableView.swift in Sources */ = {isa = PBXBuildFile; fileRef = 876A4007270114C9008780FC /* WindowsTableView.swift */; };
		876A400A270119B7008780FC /* PostCell.swift in Sources */ = {isa = PBXBuildFile; fileRef = 876A4009270119B7008780FC /* PostCell.swift */; };
		876A4010270121ED008780FC /* PostCellData.swift in Sources */ = {isa = PBXBuildFile; fileRef = 876A400F270121ED008780FC /* PostCellData.swift */; };
		876A401527012E03008780FC /* CommentCell.swift in Sources */ = {isa = PBXBuildFile; fileRef = 876A401427012E03008780FC /* CommentCell.swift */; };
		876A401727012EF1008780FC /* CommentCellData.swift in Sources */ = {isa = PBXBuildFile; fileRef = 876A401627012EF1008780FC /* CommentCellData.swift */; };
		876A403B27024DA8008780FC /* Comment+Mock.swift in Sources */ = {isa = PBXBuildFile; fileRef = 876A403A27024DA8008780FC /* Comment+Mock.swift */; };
		8784FF0626FD1DE7004BA2C2 /* User.swift in Sources */ = {isa = PBXBuildFile; fileRef = 8784FF0526FD1DE7004BA2C2 /* User.swift */; };
		8784FF0826FD1E0D004BA2C2 /* User+Mock.swift in Sources */ = {isa = PBXBuildFile; fileRef = 8784FF0726FD1E0D004BA2C2 /* User+Mock.swift */; };
		8784FF0A26FD1E3C004BA2C2 /* Post.swift in Sources */ = {isa = PBXBuildFile; fileRef = 8784FF0926FD1E3C004BA2C2 /* Post.swift */; };
		8784FF0C26FD1E4F004BA2C2 /* Post+Mock.swift in Sources */ = {isa = PBXBuildFile; fileRef = 8784FF0B26FD1E4F004BA2C2 /* Post+Mock.swift */; };
		8784FF0E26FD1E70004BA2C2 /* Comment.swift in Sources */ = {isa = PBXBuildFile; fileRef = 8784FF0D26FD1E70004BA2C2 /* Comment.swift */; };
		87EA3F3A270340B600B6581A /* String+Extension.swift in Sources */ = {isa = PBXBuildFile; fileRef = 87EA3F39270340B600B6581A /* String+Extension.swift */; };
		87F6E37426FD087400BB2F4E /* Common.framework in Frameworks */ = {isa = PBXBuildFile; fileRef = 87F6E36B26FD087300BB2F4E /* Common.framework */; };
		87F6E37A26FD087400BB2F4E /* Common.h in Headers */ = {isa = PBXBuildFile; fileRef = 87F6E36E26FD087300BB2F4E /* Common.h */; settings = {ATTRIBUTES = (Public, ); }; };
		87F6E38526FD08C300BB2F4E /* Subviewable.swift in Sources */ = {isa = PBXBuildFile; fileRef = 87F6E38426FD08C300BB2F4E /* Subviewable.swift */; };
		87F6E38926FD090400BB2F4E /* UIColor+Extension.swift in Sources */ = {isa = PBXBuildFile; fileRef = 87F6E38826FD090400BB2F4E /* UIColor+Extension.swift */; };
		87F6E38B26FD099200BB2F4E /* UIFont+Extension.swift in Sources */ = {isa = PBXBuildFile; fileRef = 87F6E38A26FD099200BB2F4E /* UIFont+Extension.swift */; };
		87F6E38D26FD0BA500BB2F4E /* UITableView+Extension.swift in Sources */ = {isa = PBXBuildFile; fileRef = 87F6E38C26FD0BA500BB2F4E /* UITableView+Extension.swift */; };
		87F6E3E326FD184E00BB2F4E /* APIError.swift in Sources */ = {isa = PBXBuildFile; fileRef = 87F6E3E226FD184E00BB2F4E /* APIError.swift */; };
		87F6E3E526FD187600BB2F4E /* APIErrorTests.swift in Sources */ = {isa = PBXBuildFile; fileRef = 87F6E3E426FD187600BB2F4E /* APIErrorTests.swift */; };
		87F6E3E726FD192100BB2F4E /* ReuseIdentifiable.swift in Sources */ = {isa = PBXBuildFile; fileRef = 87F6E3E626FD192100BB2F4E /* ReuseIdentifiable.swift */; };
/* End PBXBuildFile section */

/* Begin PBXContainerItemProxy section */
		87F6E37526FD087400BB2F4E /* PBXContainerItemProxy */ = {
			isa = PBXContainerItemProxy;
			containerPortal = 87F6E36226FD087300BB2F4E /* Project object */;
			proxyType = 1;
			remoteGlobalIDString = 87F6E36A26FD087300BB2F4E;
			remoteInfo = Common;
		};
/* End PBXContainerItemProxy section */

/* Begin PBXFileReference section */
		876A3FF526FD36D1008780FC /* UIView+Extension.swift */ = {isa = PBXFileReference; lastKnownFileType = sourcecode.swift; path = "UIView+Extension.swift"; sourceTree = "<group>"; };
		876A3FF826FD3B78008780FC /* WindowsView.swift */ = {isa = PBXFileReference; lastKnownFileType = sourcecode.swift; path = WindowsView.swift; sourceTree = "<group>"; };
		876A3FFA26FD4DBB008780FC /* WindowsXButton.swift */ = {isa = PBXFileReference; lastKnownFileType = sourcecode.swift; path = WindowsXButton.swift; sourceTree = "<group>"; };
		876A3FFC26FD4F81008780FC /* UIImage+Extension.swift */ = {isa = PBXFileReference; lastKnownFileType = sourcecode.swift; path = "UIImage+Extension.swift"; sourceTree = "<group>"; };
		876A3FFE26FD62C9008780FC /* WindowsViewModel.swift */ = {isa = PBXFileReference; lastKnownFileType = sourcecode.swift; path = WindowsViewModel.swift; sourceTree = "<group>"; };
		876A4007270114C9008780FC /* WindowsTableView.swift */ = {isa = PBXFileReference; lastKnownFileType = sourcecode.swift; path = WindowsTableView.swift; sourceTree = "<group>"; };
		876A4009270119B7008780FC /* PostCell.swift */ = {isa = PBXFileReference; lastKnownFileType = sourcecode.swift; path = PostCell.swift; sourceTree = "<group>"; };
		876A400F270121ED008780FC /* PostCellData.swift */ = {isa = PBXFileReference; lastKnownFileType = sourcecode.swift; path = PostCellData.swift; sourceTree = "<group>"; };
		876A401427012E03008780FC /* CommentCell.swift */ = {isa = PBXFileReference; lastKnownFileType = sourcecode.swift; path = CommentCell.swift; sourceTree = "<group>"; };
		876A401627012EF1008780FC /* CommentCellData.swift */ = {isa = PBXFileReference; lastKnownFileType = sourcecode.swift; path = CommentCellData.swift; sourceTree = "<group>"; };
		876A403A27024DA8008780FC /* Comment+Mock.swift */ = {isa = PBXFileReference; lastKnownFileType = sourcecode.swift; path = "Comment+Mock.swift"; sourceTree = "<group>"; };
		8784FF0526FD1DE7004BA2C2 /* User.swift */ = {isa = PBXFileReference; lastKnownFileType = sourcecode.swift; path = User.swift; sourceTree = "<group>"; };
		8784FF0726FD1E0D004BA2C2 /* User+Mock.swift */ = {isa = PBXFileReference; lastKnownFileType = sourcecode.swift; path = "User+Mock.swift"; sourceTree = "<group>"; };
		8784FF0926FD1E3C004BA2C2 /* Post.swift */ = {isa = PBXFileReference; lastKnownFileType = sourcecode.swift; path = Post.swift; sourceTree = "<group>"; };
		8784FF0B26FD1E4F004BA2C2 /* Post+Mock.swift */ = {isa = PBXFileReference; lastKnownFileType = sourcecode.swift; path = "Post+Mock.swift"; sourceTree = "<group>"; };
		8784FF0D26FD1E70004BA2C2 /* Comment.swift */ = {isa = PBXFileReference; lastKnownFileType = sourcecode.swift; path = Comment.swift; sourceTree = "<group>"; };
		87EA3F39270340B600B6581A /* String+Extension.swift */ = {isa = PBXFileReference; lastKnownFileType = sourcecode.swift; path = "String+Extension.swift"; sourceTree = "<group>"; };
		87F6E36B26FD087300BB2F4E /* Common.framework */ = {isa = PBXFileReference; explicitFileType = wrapper.framework; includeInIndex = 0; path = Common.framework; sourceTree = BUILT_PRODUCTS_DIR; };
		87F6E36E26FD087300BB2F4E /* Common.h */ = {isa = PBXFileReference; lastKnownFileType = sourcecode.c.h; path = Common.h; sourceTree = "<group>"; };
		87F6E37326FD087400BB2F4E /* CommonTests.xctest */ = {isa = PBXFileReference; explicitFileType = wrapper.cfbundle; includeInIndex = 0; path = CommonTests.xctest; sourceTree = BUILT_PRODUCTS_DIR; };
		87F6E38426FD08C300BB2F4E /* Subviewable.swift */ = {isa = PBXFileReference; lastKnownFileType = sourcecode.swift; path = Subviewable.swift; sourceTree = "<group>"; };
		87F6E38826FD090400BB2F4E /* UIColor+Extension.swift */ = {isa = PBXFileReference; lastKnownFileType = sourcecode.swift; path = "UIColor+Extension.swift"; sourceTree = "<group>"; };
		87F6E38A26FD099200BB2F4E /* UIFont+Extension.swift */ = {isa = PBXFileReference; lastKnownFileType = sourcecode.swift; path = "UIFont+Extension.swift"; sourceTree = "<group>"; };
		87F6E38C26FD0BA500BB2F4E /* UITableView+Extension.swift */ = {isa = PBXFileReference; lastKnownFileType = sourcecode.swift; path = "UITableView+Extension.swift"; sourceTree = "<group>"; };
		87F6E3E226FD184E00BB2F4E /* APIError.swift */ = {isa = PBXFileReference; lastKnownFileType = sourcecode.swift; path = APIError.swift; sourceTree = "<group>"; };
		87F6E3E426FD187600BB2F4E /* APIErrorTests.swift */ = {isa = PBXFileReference; lastKnownFileType = sourcecode.swift; path = APIErrorTests.swift; sourceTree = "<group>"; };
		87F6E3E626FD192100BB2F4E /* ReuseIdentifiable.swift */ = {isa = PBXFileReference; lastKnownFileType = sourcecode.swift; path = ReuseIdentifiable.swift; sourceTree = "<group>"; };
/* End PBXFileReference section */

/* Begin PBXFrameworksBuildPhase section */
		87F6E36826FD087300BB2F4E /* Frameworks */ = {
			isa = PBXFrameworksBuildPhase;
			buildActionMask = 2147483647;
			files = (
			);
			runOnlyForDeploymentPostprocessing = 0;
		};
		87F6E37026FD087400BB2F4E /* Frameworks */ = {
			isa = PBXFrameworksBuildPhase;
			buildActionMask = 2147483647;
			files = (
				87F6E37426FD087400BB2F4E /* Common.framework in Frameworks */,
			);
			runOnlyForDeploymentPostprocessing = 0;
		};
/* End PBXFrameworksBuildPhase section */

/* Begin PBXGroup section */
		876A3FF726FD3B5D008780FC /* Views */ = {
			isa = PBXGroup;
			children = (
				876A40042700EE58008780FC /* WindowsView */,
				876A3FFA26FD4DBB008780FC /* WindowsXButton.swift */,
				876A4007270114C9008780FC /* WindowsTableView.swift */,
				876A400D27011B8A008780FC /* Cells */,
			);
			path = Views;
			sourceTree = "<group>";
		};
		876A40042700EE58008780FC /* WindowsView */ = {
			isa = PBXGroup;
			children = (
				876A3FF826FD3B78008780FC /* WindowsView.swift */,
				876A3FFE26FD62C9008780FC /* WindowsViewModel.swift */,
			);
			path = WindowsView;
			sourceTree = "<group>";
		};
		876A400D27011B8A008780FC /* Cells */ = {
			isa = PBXGroup;
			children = (
				876A400E270121D8008780FC /* PostCell */,
				876A401827013211008780FC /* CommentCell */,
			);
			path = Cells;
			sourceTree = "<group>";
		};
		876A400E270121D8008780FC /* PostCell */ = {
			isa = PBXGroup;
			children = (
				876A4009270119B7008780FC /* PostCell.swift */,
				876A400F270121ED008780FC /* PostCellData.swift */,
			);
			path = PostCell;
			sourceTree = "<group>";
		};
		876A401827013211008780FC /* CommentCell */ = {
			isa = PBXGroup;
			children = (
				876A401427012E03008780FC /* CommentCell.swift */,
				876A401627012EF1008780FC /* CommentCellData.swift */,
			);
			path = CommentCell;
			sourceTree = "<group>";
		};
		8784FF0426FD1DD9004BA2C2 /* Models */ = {
			isa = PBXGroup;
			children = (
				8784FF0526FD1DE7004BA2C2 /* User.swift */,
				8784FF0926FD1E3C004BA2C2 /* Post.swift */,
				8784FF0D26FD1E70004BA2C2 /* Comment.swift */,
			);
			path = Models;
			sourceTree = "<group>";
		};
		8784FF0F26FD1E79004BA2C2 /* Mocks */ = {
			isa = PBXGroup;
			children = (
				8784FF0726FD1E0D004BA2C2 /* User+Mock.swift */,
				8784FF0B26FD1E4F004BA2C2 /* Post+Mock.swift */,
				876A403A27024DA8008780FC /* Comment+Mock.swift */,
			);
			path = Mocks;
			sourceTree = "<group>";
		};
		87F6E36126FD087300BB2F4E = {
			isa = PBXGroup;
			children = (
				87F6E36D26FD087300BB2F4E /* Common */,
				87F6E37726FD087400BB2F4E /* CommonTests */,
				87F6E36C26FD087300BB2F4E /* Products */,
			);
			sourceTree = "<group>";
		};
		87F6E36C26FD087300BB2F4E /* Products */ = {
			isa = PBXGroup;
			children = (
				87F6E36B26FD087300BB2F4E /* Common.framework */,
				87F6E37326FD087400BB2F4E /* CommonTests.xctest */,
			);
			name = Products;
			sourceTree = "<group>";
		};
		87F6E36D26FD087300BB2F4E /* Common */ = {
			isa = PBXGroup;
			children = (
				876A3FF726FD3B5D008780FC /* Views */,
				8784FF0F26FD1E79004BA2C2 /* Mocks */,
				8784FF0426FD1DD9004BA2C2 /* Models */,
				87F6E3E126FD184000BB2F4E /* Error */,
				87F6E38726FD08F300BB2F4E /* Extensions */,
				87F6E38626FD08EB00BB2F4E /* Protocols */,
				87F6E38326FD089D00BB2F4E /* SupportingFiles */,
			);
			path = Common;
			sourceTree = "<group>";
		};
		87F6E37726FD087400BB2F4E /* CommonTests */ = {
			isa = PBXGroup;
			children = (
				87F6E3E426FD187600BB2F4E /* APIErrorTests.swift */,
			);
			path = CommonTests;
			sourceTree = "<group>";
		};
		87F6E38326FD089D00BB2F4E /* SupportingFiles */ = {
			isa = PBXGroup;
			children = (
				87F6E36E26FD087300BB2F4E /* Common.h */,
			);
			path = SupportingFiles;
			sourceTree = "<group>";
		};
		87F6E38626FD08EB00BB2F4E /* Protocols */ = {
			isa = PBXGroup;
			children = (
				87F6E38426FD08C300BB2F4E /* Subviewable.swift */,
				87F6E3E626FD192100BB2F4E /* ReuseIdentifiable.swift */,
			);
			path = Protocols;
			sourceTree = "<group>";
		};
		87F6E38726FD08F300BB2F4E /* Extensions */ = {
			isa = PBXGroup;
			children = (
				87F6E38826FD090400BB2F4E /* UIColor+Extension.swift */,
				87F6E38A26FD099200BB2F4E /* UIFont+Extension.swift */,
				87F6E38C26FD0BA500BB2F4E /* UITableView+Extension.swift */,
				876A3FF526FD36D1008780FC /* UIView+Extension.swift */,
				876A3FFC26FD4F81008780FC /* UIImage+Extension.swift */,
				87EA3F39270340B600B6581A /* String+Extension.swift */,
			);
			path = Extensions;
			sourceTree = "<group>";
		};
		87F6E3E126FD184000BB2F4E /* Error */ = {
			isa = PBXGroup;
			children = (
				87F6E3E226FD184E00BB2F4E /* APIError.swift */,
			);
			path = Error;
			sourceTree = "<group>";
		};
/* End PBXGroup section */

/* Begin PBXHeadersBuildPhase section */
		87F6E36626FD087300BB2F4E /* Headers */ = {
			isa = PBXHeadersBuildPhase;
			buildActionMask = 2147483647;
			files = (
				87F6E37A26FD087400BB2F4E /* Common.h in Headers */,
			);
			runOnlyForDeploymentPostprocessing = 0;
		};
/* End PBXHeadersBuildPhase section */

/* Begin PBXNativeTarget section */
		87F6E36A26FD087300BB2F4E /* Common */ = {
			isa = PBXNativeTarget;
			buildConfigurationList = 87F6E37D26FD087400BB2F4E /* Build configuration list for PBXNativeTarget "Common" */;
			buildPhases = (
				87F6E36626FD087300BB2F4E /* Headers */,
				87F6E36726FD087300BB2F4E /* Sources */,
				87F6E36826FD087300BB2F4E /* Frameworks */,
				87F6E36926FD087300BB2F4E /* Resources */,
			);
			buildRules = (
			);
			dependencies = (
			);
			name = Common;
			productName = Common;
			productReference = 87F6E36B26FD087300BB2F4E /* Common.framework */;
			productType = "com.apple.product-type.framework";
		};
		87F6E37226FD087400BB2F4E /* CommonTests */ = {
			isa = PBXNativeTarget;
			buildConfigurationList = 87F6E38026FD087400BB2F4E /* Build configuration list for PBXNativeTarget "CommonTests" */;
			buildPhases = (
				87F6E36F26FD087400BB2F4E /* Sources */,
				87F6E37026FD087400BB2F4E /* Frameworks */,
				87F6E37126FD087400BB2F4E /* Resources */,
			);
			buildRules = (
			);
			dependencies = (
				87F6E37626FD087400BB2F4E /* PBXTargetDependency */,
			);
			name = CommonTests;
			productName = CommonTests;
			productReference = 87F6E37326FD087400BB2F4E /* CommonTests.xctest */;
			productType = "com.apple.product-type.bundle.unit-test";
		};
/* End PBXNativeTarget section */

/* Begin PBXProject section */
		87F6E36226FD087300BB2F4E /* Project object */ = {
			isa = PBXProject;
			attributes = {
				BuildIndependentTargetsInParallel = 1;
				LastSwiftUpdateCheck = 1300;
				LastUpgradeCheck = 1300;
				TargetAttributes = {
					87F6E36A26FD087300BB2F4E = {
						CreatedOnToolsVersion = 13.0;
						LastSwiftMigration = 1300;
					};
					87F6E37226FD087400BB2F4E = {
						CreatedOnToolsVersion = 13.0;
					};
				};
			};
			buildConfigurationList = 87F6E36526FD087300BB2F4E /* Build configuration list for PBXProject "Common" */;
			compatibilityVersion = "Xcode 13.0";
			developmentRegion = en;
			hasScannedForEncodings = 0;
			knownRegions = (
				en,
				Base,
			);
			mainGroup = 87F6E36126FD087300BB2F4E;
			productRefGroup = 87F6E36C26FD087300BB2F4E /* Products */;
			projectDirPath = "";
			projectRoot = "";
			targets = (
				87F6E36A26FD087300BB2F4E /* Common */,
				87F6E37226FD087400BB2F4E /* CommonTests */,
			);
		};
/* End PBXProject section */

/* Begin PBXResourcesBuildPhase section */
		87F6E36926FD087300BB2F4E /* Resources */ = {
			isa = PBXResourcesBuildPhase;
			buildActionMask = 2147483647;
			files = (
			);
			runOnlyForDeploymentPostprocessing = 0;
		};
		87F6E37126FD087400BB2F4E /* Resources */ = {
			isa = PBXResourcesBuildPhase;
			buildActionMask = 2147483647;
			files = (
			);
			runOnlyForDeploymentPostprocessing = 0;
		};
/* End PBXResourcesBuildPhase section */

/* Begin PBXSourcesBuildPhase section */
		87F6E36726FD087300BB2F4E /* Sources */ = {
			isa = PBXSourcesBuildPhase;
			buildActionMask = 2147483647;
			files = (
				876A4008270114C9008780FC /* WindowsTableView.swift in Sources */,
				87F6E38B26FD099200BB2F4E /* UIFont+Extension.swift in Sources */,
				876A4010270121ED008780FC /* PostCellData.swift in Sources */,
				876A401727012EF1008780FC /* CommentCellData.swift in Sources */,
				87F6E38526FD08C300BB2F4E /* Subviewable.swift in Sources */,
				876A403B27024DA8008780FC /* Comment+Mock.swift in Sources */,
				87F6E38926FD090400BB2F4E /* UIColor+Extension.swift in Sources */,
				87F6E3E326FD184E00BB2F4E /* APIError.swift in Sources */,
				876A400A270119B7008780FC /* PostCell.swift in Sources */,
				87F6E3E726FD192100BB2F4E /* ReuseIdentifiable.swift in Sources */,
				87F6E38D26FD0BA500BB2F4E /* UITableView+Extension.swift in Sources */,
				876A3FF626FD36D1008780FC /* UIView+Extension.swift in Sources */,
				87EA3F3A270340B600B6581A /* String+Extension.swift in Sources */,
				876A3FF926FD3B78008780FC /* WindowsView.swift in Sources */,
				876A3FFF26FD62C9008780FC /* WindowsViewModel.swift in Sources */,
				8784FF0A26FD1E3C004BA2C2 /* Post.swift in Sources */,
				8784FF0826FD1E0D004BA2C2 /* User+Mock.swift in Sources */,
				876A3FFB26FD4DBB008780FC /* WindowsXButton.swift in Sources */,
				876A401527012E03008780FC /* CommentCell.swift in Sources */,
				8784FF0626FD1DE7004BA2C2 /* User.swift in Sources */,
				876A3FFD26FD4F81008780FC /* UIImage+Extension.swift in Sources */,
				8784FF0E26FD1E70004BA2C2 /* Comment.swift in Sources */,
				8784FF0C26FD1E4F004BA2C2 /* Post+Mock.swift in Sources */,
			);
			runOnlyForDeploymentPostprocessing = 0;
		};
		87F6E36F26FD087400BB2F4E /* Sources */ = {
			isa = PBXSourcesBuildPhase;
			buildActionMask = 2147483647;
			files = (
				87F6E3E526FD187600BB2F4E /* APIErrorTests.swift in Sources */,
			);
			runOnlyForDeploymentPostprocessing = 0;
		};
/* End PBXSourcesBuildPhase section */

/* Begin PBXTargetDependency section */
		87F6E37626FD087400BB2F4E /* PBXTargetDependency */ = {
			isa = PBXTargetDependency;
			target = 87F6E36A26FD087300BB2F4E /* Common */;
			targetProxy = 87F6E37526FD087400BB2F4E /* PBXContainerItemProxy */;
		};
/* End PBXTargetDependency section */

/* Begin XCBuildConfiguration section */
		87F6E37B26FD087400BB2F4E /* Debug */ = {
			isa = XCBuildConfiguration;
			buildSettings = {
				ALWAYS_SEARCH_USER_PATHS = NO;
				CLANG_ANALYZER_NONNULL = YES;
				CLANG_ANALYZER_NUMBER_OBJECT_CONVERSION = YES_AGGRESSIVE;
				CLANG_CXX_LANGUAGE_STANDARD = "gnu++17";
				CLANG_CXX_LIBRARY = "libc++";
				CLANG_ENABLE_MODULES = YES;
				CLANG_ENABLE_OBJC_ARC = YES;
				CLANG_ENABLE_OBJC_WEAK = YES;
				CLANG_WARN_BLOCK_CAPTURE_AUTORELEASING = YES;
				CLANG_WARN_BOOL_CONVERSION = YES;
				CLANG_WARN_COMMA = YES;
				CLANG_WARN_CONSTANT_CONVERSION = YES;
				CLANG_WARN_DEPRECATED_OBJC_IMPLEMENTATIONS = YES;
				CLANG_WARN_DIRECT_OBJC_ISA_USAGE = YES_ERROR;
				CLANG_WARN_DOCUMENTATION_COMMENTS = YES;
				CLANG_WARN_EMPTY_BODY = YES;
				CLANG_WARN_ENUM_CONVERSION = YES;
				CLANG_WARN_INFINITE_RECURSION = YES;
				CLANG_WARN_INT_CONVERSION = YES;
				CLANG_WARN_NON_LITERAL_NULL_CONVERSION = YES;
				CLANG_WARN_OBJC_IMPLICIT_RETAIN_SELF = YES;
				CLANG_WARN_OBJC_LITERAL_CONVERSION = YES;
				CLANG_WARN_OBJC_ROOT_CLASS = YES_ERROR;
				CLANG_WARN_QUOTED_INCLUDE_IN_FRAMEWORK_HEADER = YES;
				CLANG_WARN_RANGE_LOOP_ANALYSIS = YES;
				CLANG_WARN_STRICT_PROTOTYPES = YES;
				CLANG_WARN_SUSPICIOUS_MOVE = YES;
				CLANG_WARN_UNGUARDED_AVAILABILITY = YES_AGGRESSIVE;
				CLANG_WARN_UNREACHABLE_CODE = YES;
				CLANG_WARN__DUPLICATE_METHOD_MATCH = YES;
				COPY_PHASE_STRIP = NO;
				CURRENT_PROJECT_VERSION = 1;
				DEBUG_INFORMATION_FORMAT = dwarf;
				ENABLE_STRICT_OBJC_MSGSEND = YES;
				ENABLE_TESTABILITY = YES;
				GCC_C_LANGUAGE_STANDARD = gnu11;
				GCC_DYNAMIC_NO_PIC = NO;
				GCC_NO_COMMON_BLOCKS = YES;
				GCC_OPTIMIZATION_LEVEL = 0;
				GCC_PREPROCESSOR_DEFINITIONS = (
					"DEBUG=1",
					"$(inherited)",
				);
				GCC_WARN_64_TO_32_BIT_CONVERSION = YES;
				GCC_WARN_ABOUT_RETURN_TYPE = YES_ERROR;
				GCC_WARN_UNDECLARED_SELECTOR = YES;
				GCC_WARN_UNINITIALIZED_AUTOS = YES_AGGRESSIVE;
				GCC_WARN_UNUSED_FUNCTION = YES;
				GCC_WARN_UNUSED_VARIABLE = YES;
				IPHONEOS_DEPLOYMENT_TARGET = 15.0;
				MTL_ENABLE_DEBUG_INFO = INCLUDE_SOURCE;
				MTL_FAST_MATH = YES;
				ONLY_ACTIVE_ARCH = YES;
				SDKROOT = iphoneos;
				SWIFT_ACTIVE_COMPILATION_CONDITIONS = DEBUG;
				SWIFT_OPTIMIZATION_LEVEL = "-Onone";
				VERSIONING_SYSTEM = "apple-generic";
				VERSION_INFO_PREFIX = "";
			};
			name = Debug;
		};
		87F6E37C26FD087400BB2F4E /* Release */ = {
			isa = XCBuildConfiguration;
			buildSettings = {
				ALWAYS_SEARCH_USER_PATHS = NO;
				CLANG_ANALYZER_NONNULL = YES;
				CLANG_ANALYZER_NUMBER_OBJECT_CONVERSION = YES_AGGRESSIVE;
				CLANG_CXX_LANGUAGE_STANDARD = "gnu++17";
				CLANG_CXX_LIBRARY = "libc++";
				CLANG_ENABLE_MODULES = YES;
				CLANG_ENABLE_OBJC_ARC = YES;
				CLANG_ENABLE_OBJC_WEAK = YES;
				CLANG_WARN_BLOCK_CAPTURE_AUTORELEASING = YES;
				CLANG_WARN_BOOL_CONVERSION = YES;
				CLANG_WARN_COMMA = YES;
				CLANG_WARN_CONSTANT_CONVERSION = YES;
				CLANG_WARN_DEPRECATED_OBJC_IMPLEMENTATIONS = YES;
				CLANG_WARN_DIRECT_OBJC_ISA_USAGE = YES_ERROR;
				CLANG_WARN_DOCUMENTATION_COMMENTS = YES;
				CLANG_WARN_EMPTY_BODY = YES;
				CLANG_WARN_ENUM_CONVERSION = YES;
				CLANG_WARN_INFINITE_RECURSION = YES;
				CLANG_WARN_INT_CONVERSION = YES;
				CLANG_WARN_NON_LITERAL_NULL_CONVERSION = YES;
				CLANG_WARN_OBJC_IMPLICIT_RETAIN_SELF = YES;
				CLANG_WARN_OBJC_LITERAL_CONVERSION = YES;
				CLANG_WARN_OBJC_ROOT_CLASS = YES_ERROR;
				CLANG_WARN_QUOTED_INCLUDE_IN_FRAMEWORK_HEADER = YES;
				CLANG_WARN_RANGE_LOOP_ANALYSIS = YES;
				CLANG_WARN_STRICT_PROTOTYPES = YES;
				CLANG_WARN_SUSPICIOUS_MOVE = YES;
				CLANG_WARN_UNGUARDED_AVAILABILITY = YES_AGGRESSIVE;
				CLANG_WARN_UNREACHABLE_CODE = YES;
				CLANG_WARN__DUPLICATE_METHOD_MATCH = YES;
				COPY_PHASE_STRIP = NO;
				CURRENT_PROJECT_VERSION = 1;
				DEBUG_INFORMATION_FORMAT = "dwarf-with-dsym";
				ENABLE_NS_ASSERTIONS = NO;
				ENABLE_STRICT_OBJC_MSGSEND = YES;
				GCC_C_LANGUAGE_STANDARD = gnu11;
				GCC_NO_COMMON_BLOCKS = YES;
				GCC_WARN_64_TO_32_BIT_CONVERSION = YES;
				GCC_WARN_ABOUT_RETURN_TYPE = YES_ERROR;
				GCC_WARN_UNDECLARED_SELECTOR = YES;
				GCC_WARN_UNINITIALIZED_AUTOS = YES_AGGRESSIVE;
				GCC_WARN_UNUSED_FUNCTION = YES;
				GCC_WARN_UNUSED_VARIABLE = YES;
				IPHONEOS_DEPLOYMENT_TARGET = 15.0;
				MTL_ENABLE_DEBUG_INFO = NO;
				MTL_FAST_MATH = YES;
				SDKROOT = iphoneos;
				SWIFT_COMPILATION_MODE = wholemodule;
				SWIFT_OPTIMIZATION_LEVEL = "-O";
				VALIDATE_PRODUCT = YES;
				VERSIONING_SYSTEM = "apple-generic";
				VERSION_INFO_PREFIX = "";
			};
			name = Release;
		};
		87F6E37E26FD087400BB2F4E /* Debug */ = {
			isa = XCBuildConfiguration;
			buildSettings = {
				CLANG_ENABLE_MODULES = YES;
				CODE_SIGN_STYLE = Automatic;
				CURRENT_PROJECT_VERSION = 1;
				DEFINES_MODULE = YES;
				DEVELOPMENT_TEAM = F6896R5ECP;
				DYLIB_COMPATIBILITY_VERSION = 1;
				DYLIB_CURRENT_VERSION = 1;
				DYLIB_INSTALL_NAME_BASE = "@rpath";
				GENERATE_INFOPLIST_FILE = YES;
				INFOPLIST_KEY_NSHumanReadableCopyright = "";
				INSTALL_PATH = "$(LOCAL_LIBRARY_DIR)/Frameworks";
				LD_RUNPATH_SEARCH_PATHS = (
					"$(inherited)",
					"@executable_path/Frameworks",
					"@loader_path/Frameworks",
				);
				MARKETING_VERSION = 1.0;
				PRODUCT_BUNDLE_IDENTIFIER = com.rumblewayne.Common;
				PRODUCT_NAME = "$(TARGET_NAME:c99extidentifier)";
				SKIP_INSTALL = YES;
				SUPPORTS_MACCATALYST = NO;
				SWIFT_EMIT_LOC_STRINGS = YES;
				SWIFT_OPTIMIZATION_LEVEL = "-Onone";
				SWIFT_VERSION = 5.0;
				TARGETED_DEVICE_FAMILY = 1;
			};
			name = Debug;
		};
		87F6E37F26FD087400BB2F4E /* Release */ = {
			isa = XCBuildConfiguration;
			buildSettings = {
				CLANG_ENABLE_MODULES = YES;
				CODE_SIGN_STYLE = Automatic;
				CURRENT_PROJECT_VERSION = 1;
				DEFINES_MODULE = YES;
				DEVELOPMENT_TEAM = F6896R5ECP;
				DYLIB_COMPATIBILITY_VERSION = 1;
				DYLIB_CURRENT_VERSION = 1;
				DYLIB_INSTALL_NAME_BASE = "@rpath";
				GENERATE_INFOPLIST_FILE = YES;
				INFOPLIST_KEY_NSHumanReadableCopyright = "";
				INSTALL_PATH = "$(LOCAL_LIBRARY_DIR)/Frameworks";
				LD_RUNPATH_SEARCH_PATHS = (
					"$(inherited)",
					"@executable_path/Frameworks",
					"@loader_path/Frameworks",
				);
				MARKETING_VERSION = 1.0;
				PRODUCT_BUNDLE_IDENTIFIER = com.rumblewayne.Common;
				PRODUCT_NAME = "$(TARGET_NAME:c99extidentifier)";
				SKIP_INSTALL = YES;
				SUPPORTS_MACCATALYST = NO;
				SWIFT_EMIT_LOC_STRINGS = YES;
				SWIFT_VERSION = 5.0;
				TARGETED_DEVICE_FAMILY = 1;
			};
			name = Release;
		};
		87F6E38126FD087400BB2F4E /* Debug */ = {
			isa = XCBuildConfiguration;
			buildSettings = {
				ALWAYS_EMBED_SWIFT_STANDARD_LIBRARIES = YES;
				CODE_SIGN_STYLE = Automatic;
				CURRENT_PROJECT_VERSION = 1;
				DEVELOPMENT_TEAM = F6896R5ECP;
				GENERATE_INFOPLIST_FILE = YES;
				LD_RUNPATH_SEARCH_PATHS = (
					"$(inherited)",
					"@executable_path/Frameworks",
					"@loader_path/Frameworks",
				);
				MARKETING_VERSION = 1.0;
				PRODUCT_BUNDLE_IDENTIFIER = com.rumblewayne.CommonTests;
				PRODUCT_NAME = "$(TARGET_NAME)";
				SWIFT_EMIT_LOC_STRINGS = NO;
				SWIFT_VERSION = 5.0;
				TARGETED_DEVICE_FAMILY = "1,2";
			};
			name = Debug;
		};
		87F6E38226FD087400BB2F4E /* Release */ = {
			isa = XCBuildConfiguration;
			buildSettings = {
				ALWAYS_EMBED_SWIFT_STANDARD_LIBRARIES = YES;
				CODE_SIGN_STYLE = Automatic;
				CURRENT_PROJECT_VERSION = 1;
				DEVELOPMENT_TEAM = F6896R5ECP;
				GENERATE_INFOPLIST_FILE = YES;
				LD_RUNPATH_SEARCH_PATHS = (
					"$(inherited)",
					"@executable_path/Frameworks",
					"@loader_path/Frameworks",
				);
				MARKETING_VERSION = 1.0;
				PRODUCT_BUNDLE_IDENTIFIER = com.rumblewayne.CommonTests;
				PRODUCT_NAME = "$(TARGET_NAME)";
				SWIFT_EMIT_LOC_STRINGS = NO;
				SWIFT_VERSION = 5.0;
				TARGETED_DEVICE_FAMILY = "1,2";
			};
			name = Release;
		};
/* End XCBuildConfiguration section */

/* Begin XCConfigurationList section */
		87F6E36526FD087300BB2F4E /* Build configuration list for PBXProject "Common" */ = {
			isa = XCConfigurationList;
			buildConfigurations = (
				87F6E37B26FD087400BB2F4E /* Debug */,
				87F6E37C26FD087400BB2F4E /* Release */,
			);
			defaultConfigurationIsVisible = 0;
			defaultConfigurationName = Release;
		};
		87F6E37D26FD087400BB2F4E /* Build configuration list for PBXNativeTarget "Common" */ = {
			isa = XCConfigurationList;
			buildConfigurations = (
				87F6E37E26FD087400BB2F4E /* Debug */,
				87F6E37F26FD087400BB2F4E /* Release */,
			);
			defaultConfigurationIsVisible = 0;
			defaultConfigurationName = Release;
		};
		87F6E38026FD087400BB2F4E /* Build configuration list for PBXNativeTarget "CommonTests" */ = {
			isa = XCConfigurationList;
			buildConfigurations = (
				87F6E38126FD087400BB2F4E /* Debug */,
				87F6E38226FD087400BB2F4E /* Release */,
			);
			defaultConfigurationIsVisible = 0;
			defaultConfigurationName = Release;
		};
/* End XCConfigurationList section */
	};
	rootObject = 87F6E36226FD087300BB2F4E /* Project object */;
}
